
Microsoft Visual Studio Solution File, Format Version 12.00
# Visual Studio Version 17
VisualStudioVersion = 17.11.35222.181
MinimumVisualStudioVersion = 10.0.40219.1
Project("{FAE04EC0-301F-11D3-BF4B-00C04F79EFBC}") = "Worm", "Worm.csproj", "{A0779CA7-5882-4A00-8FA6-FE2DFC849CFC}"
EndProject
Global
	GlobalSection(SolutionConfigurationPlatforms) = preSolution
		Debug|Any CPU = Debug|Any CPU
		Release|Any CPU = Release|Any CPU
	EndGlobalSection
	GlobalSection(ProjectConfigurationPlatforms) = postSolution
		{A0779CA7-5882-4A00-8FA6-FE2DFC849CFC}.Debug|Any CPU.ActiveCfg = Debug|Any CPU
		{A0779CA7-5882-4A00-8FA6-FE2DFC849CFC}.Debug|Any CPU.Build.0 = Debug|Any CPU
		{A0779CA7-5882-4A00-8FA6-FE2DFC849CFC}.Release|Any CPU.ActiveCfg = Release|Any CPU
		{A0779CA7-5882-4A00-8FA6-FE2DFC849CFC}.Release|Any CPU.Build.0 = Release|Any CPU
	EndGlobalSection
	GlobalSection(SolutionProperties) = preSolution
		HideSolutionNode = FALSE
	EndGlobalSection
	GlobalSection(ExtensibilityGlobals) = postSolution
		SolutionGuid = {05AAB778-9DD4-4AB7-A8C9-C6B612E88765}
	EndGlobalSection
EndGlobal
