
Microsoft Visual Studio Solution File, Format Version 12.00
# Visual Studio Version 17
VisualStudioVersion = 17.11.35222.181
MinimumVisualStudioVersion = 10.0.40219.1
Project("{FAE04EC0-301F-11D3-BF4B-00C04F79EFBC}") = "HW1（3）", "HW1（3）\HW1（3）.csproj", "{841D51CA-26CD-4D23-8E81-A6DE18EBA3AD}"
EndProject
Global
	GlobalSection(SolutionConfigurationPlatforms) = preSolution
		Debug|Any CPU = Debug|Any CPU
		Release|Any CPU = Release|Any CPU
	EndGlobalSection
	GlobalSection(ProjectConfigurationPlatforms) = postSolution
		{841D51CA-26CD-4D23-8E81-A6DE18EBA3AD}.Debug|Any CPU.ActiveCfg = Debug|Any CPU
		{841D51CA-26CD-4D23-8E81-A6DE18EBA3AD}.Debug|Any CPU.Build.0 = Debug|Any CPU
		{841D51CA-26CD-4D23-8E81-A6DE18EBA3AD}.Release|Any CPU.ActiveCfg = Release|Any CPU
		{841D51CA-26CD-4D23-8E81-A6DE18EBA3AD}.Release|Any CPU.Build.0 = Release|Any CPU
	EndGlobalSection
	GlobalSection(SolutionProperties) = preSolution
		HideSolutionNode = FALSE
	EndGlobalSection
	GlobalSection(ExtensibilityGlobals) = postSolution
		SolutionGuid = {C8A93DE9-7B20-4900-B237-C4AA3C26ED79}
	EndGlobalSection
EndGlobal
