
Microsoft Visual Studio Solution File, Format Version 12.00
# Visual Studio Version 17
VisualStudioVersion = 17.11.35222.181
MinimumVisualStudioVersion = 10.0.40219.1
Project("{FAE04EC0-301F-11D3-BF4B-00C04F79EFBC}") = "FileBrowser", "FileBrowser.csproj", "{D459D8BF-B787-4572-B026-40BD493029F4}"
EndProject
Global
	GlobalSection(SolutionConfigurationPlatforms) = preSolution
		Debug|Any CPU = Debug|Any CPU
		Release|Any CPU = Release|Any CPU
	EndGlobalSection
	GlobalSection(ProjectConfigurationPlatforms) = postSolution
		{D459D8BF-B787-4572-B026-40BD493029F4}.Debug|Any CPU.ActiveCfg = Debug|Any CPU
		{D459D8BF-B787-4572-B026-40BD493029F4}.Debug|Any CPU.Build.0 = Debug|Any CPU
		{D459D8BF-B787-4572-B026-40BD493029F4}.Release|Any CPU.ActiveCfg = Release|Any CPU
		{D459D8BF-B787-4572-B026-40BD493029F4}.Release|Any CPU.Build.0 = Release|Any CPU
	EndGlobalSection
	GlobalSection(SolutionProperties) = preSolution
		HideSolutionNode = FALSE
	EndGlobalSection
	GlobalSection(ExtensibilityGlobals) = postSolution
		SolutionGuid = {6D3AA981-B6E7-4B1E-A1D0-3C2F660025DE}
	EndGlobalSection
EndGlobal
